
Microsoft Visual Studio Solution File, Format Version 11.00
# Visual Studio 2010
Project("{8BC9CEB8-8B4A-11D0-8D11-00A0C91BC942}") = "HW2prob2", "HW2prob2\HW2prob2.vcxproj", "{9334CA60-63ED-4470-921F-83FAF5573921}"
EndProject
Global
	GlobalSection(SolutionConfigurationPlatforms) = preSolution
		Debug|Win32 = Debug|Win32
		Release|Win32 = Release|Win32
	EndGlobalSection
	GlobalSection(ProjectConfigurationPlatforms) = postSolution
		{9334CA60-63ED-4470-921F-83FAF5573921}.Debug|Win32.ActiveCfg = Debug|Win32
		{9334CA60-63ED-4470-921F-83FAF5573921}.Debug|Win32.Build.0 = Debug|Win32
		{9334CA60-63ED-4470-921F-83FAF5573921}.Release|Win32.ActiveCfg = Release|Win32
		{9334CA60-63ED-4470-921F-83FAF5573921}.Release|Win32.Build.0 = Release|Win32
	EndGlobalSection
	GlobalSection(SolutionProperties) = preSolution
		HideSolutionNode = FALSE
	EndGlobalSection
EndGlobal
