
Microsoft Visual Studio Solution File, Format Version 11.00
# Visual Studio 2010
Project("{8BC9CEB8-8B4A-11D0-8D11-00A0C91BC942}") = "HW3prob1", "HW3prob1\HW3prob1.vcxproj", "{DBE7894E-4BC0-4FD7-9E71-657A800D1188}"
EndProject
Global
	GlobalSection(SolutionConfigurationPlatforms) = preSolution
		Debug|Win32 = Debug|Win32
		Release|Win32 = Release|Win32
	EndGlobalSection
	GlobalSection(ProjectConfigurationPlatforms) = postSolution
		{DBE7894E-4BC0-4FD7-9E71-657A800D1188}.Debug|Win32.ActiveCfg = Debug|Win32
		{DBE7894E-4BC0-4FD7-9E71-657A800D1188}.Debug|Win32.Build.0 = Debug|Win32
		{DBE7894E-4BC0-4FD7-9E71-657A800D1188}.Release|Win32.ActiveCfg = Release|Win32
		{DBE7894E-4BC0-4FD7-9E71-657A800D1188}.Release|Win32.Build.0 = Release|Win32
	EndGlobalSection
	GlobalSection(SolutionProperties) = preSolution
		HideSolutionNode = FALSE
	EndGlobalSection
EndGlobal
