
Microsoft Visual Studio Solution File, Format Version 11.00
# Visual Studio 2010
Project("{8BC9CEB8-8B4A-11D0-8D11-00A0C91BC942}") = "lab5103", "lab5103\lab5103.vcxproj", "{462F2112-5755-4C07-9C14-F8CBACC35709}"
EndProject
Global
	GlobalSection(SolutionConfigurationPlatforms) = preSolution
		Debug|Win32 = Debug|Win32
		Release|Win32 = Release|Win32
	EndGlobalSection
	GlobalSection(ProjectConfigurationPlatforms) = postSolution
		{462F2112-5755-4C07-9C14-F8CBACC35709}.Debug|Win32.ActiveCfg = Debug|Win32
		{462F2112-5755-4C07-9C14-F8CBACC35709}.Debug|Win32.Build.0 = Debug|Win32
		{462F2112-5755-4C07-9C14-F8CBACC35709}.Release|Win32.ActiveCfg = Release|Win32
		{462F2112-5755-4C07-9C14-F8CBACC35709}.Release|Win32.Build.0 = Release|Win32
	EndGlobalSection
	GlobalSection(SolutionProperties) = preSolution
		HideSolutionNode = FALSE
	EndGlobalSection
EndGlobal
